
Microsoft Visual Studio Solution File, Format Version 12.00
# Visual Studio Version 16
VisualStudioVersion = 16.0.31624.102
MinimumVisualStudioVersion = 10.0.40219.1
Project("{FAE04EC0-301F-11D3-BF4B-00C04F79EFBC}") = "Extended-Hanoi", "Extended-Hanoi\Extended-Hanoi.csproj", "{090B1FDE-4827-4AEA-AAC5-72C4CBFA473D}"
EndProject
Global
	GlobalSection(SolutionConfigurationPlatforms) = preSolution
		Debug|Any CPU = Debug|Any CPU
		Release|Any CPU = Release|Any CPU
	EndGlobalSection
	GlobalSection(ProjectConfigurationPlatforms) = postSolution
		{090B1FDE-4827-4AEA-AAC5-72C4CBFA473D}.Debug|Any CPU.ActiveCfg = Debug|Any CPU
		{090B1FDE-4827-4AEA-AAC5-72C4CBFA473D}.Debug|Any CPU.Build.0 = Debug|Any CPU
		{090B1FDE-4827-4AEA-AAC5-72C4CBFA473D}.Release|Any CPU.ActiveCfg = Release|Any CPU
		{090B1FDE-4827-4AEA-AAC5-72C4CBFA473D}.Release|Any CPU.Build.0 = Release|Any CPU
	EndGlobalSection
	GlobalSection(SolutionProperties) = preSolution
		HideSolutionNode = FALSE
	EndGlobalSection
	GlobalSection(ExtensibilityGlobals) = postSolution
		SolutionGuid = {5AA15DF9-E99C-4A22-9502-FCAB21238647}
	EndGlobalSection
EndGlobal
